
Microsoft Visual Studio Solution File, Format Version 12.00
# Visual Studio Version 17
VisualStudioVersion = 17.11.35312.102
MinimumVisualStudioVersion = 10.0.40219.1
Project("{9A19103F-16F7-4668-BE54-9A1E7A4F7556}") = "Snakee", "Snakee.csproj", "{78DA349A-8594-4023-B27D-A088DDDC6148}"
EndProject
Project("{54435603-DBB4-11D2-8724-00A0C9A8B90C}") = "snakesetup", "..\snakesetup\snakesetup.vdproj", "{AAF33357-4ABD-492C-A5CA-396ED12772CD}"
EndProject
Global
	GlobalSection(SolutionConfigurationPlatforms) = preSolution
		Debug|Any CPU = Debug|Any CPU
		Release|Any CPU = Release|Any CPU
	EndGlobalSection
	GlobalSection(ProjectConfigurationPlatforms) = postSolution
		{78DA349A-8594-4023-B27D-A088DDDC6148}.Debug|Any CPU.ActiveCfg = Debug|Any CPU
		{78DA349A-8594-4023-B27D-A088DDDC6148}.Debug|Any CPU.Build.0 = Debug|Any CPU
		{78DA349A-8594-4023-B27D-A088DDDC6148}.Release|Any CPU.ActiveCfg = Release|Any CPU
		{78DA349A-8594-4023-B27D-A088DDDC6148}.Release|Any CPU.Build.0 = Release|Any CPU
		{AAF33357-4ABD-492C-A5CA-396ED12772CD}.Debug|Any CPU.ActiveCfg = Debug
		{AAF33357-4ABD-492C-A5CA-396ED12772CD}.Release|Any CPU.ActiveCfg = Release
	EndGlobalSection
	GlobalSection(SolutionProperties) = preSolution
		HideSolutionNode = FALSE
	EndGlobalSection
	GlobalSection(ExtensibilityGlobals) = postSolution
		SolutionGuid = {1FA28FB1-9E11-466C-8F05-2E2173B843F5}
	EndGlobalSection
EndGlobal
